
Microsoft Visual Studio Solution File, Format Version 12.00
# Visual Studio Version 16
VisualStudioVersion = 16.0.30711.63
MinimumVisualStudioVersion = 10.0.40219.1
Project("{9A19103F-16F7-4668-BE54-9A1E7A4F7556}") = "GeoMed", "GeoMed\GeoMed.csproj", "{EDB4EFF4-1B22-4A97-926D-2F80E2857ECD}"
EndProject
Project("{2150E333-8FDC-42A3-9474-1A3956D46DE8}") = "Base", "Base", "{FA66B676-DD38-4062-A903-F982AD34B665}"
EndProject
Project("{2150E333-8FDC-42A3-9474-1A3956D46DE8}") = "UI", "UI", "{CBFC89E1-DDE7-49CD-BFB3-60C0D4B4F0A3}"
EndProject
Project("{2150E333-8FDC-42A3-9474-1A3956D46DE8}") = "BoundedContext", "BoundedContext", "{A1C8D45B-AB1E-4132-8C87-60DC8EA0C84E}"
EndProject
Project("{2150E333-8FDC-42A3-9474-1A3956D46DE8}") = "Security", "Security", "{ACAABF7E-C8DC-48E0-BBE3-965D3971B8A2}"
EndProject
Project("{2150E333-8FDC-42A3-9474-1A3956D46DE8}") = "Share", "Share", "{24CA96F6-4B38-413B-99F4-424FDE3DC4F2}"
EndProject
Project("{2150E333-8FDC-42A3-9474-1A3956D46DE8}") = "Infrastructure", "Infrastructure", "{5C4C3120-728A-4A6F-8BC3-04279C10EFF4}"
EndProject
Project("{2150E333-8FDC-42A3-9474-1A3956D46DE8}") = "SharedKernal", "SharedKernal", "{39DAB712-C45F-418F-9F6C-0AADF858AE5D}"
EndProject
Project("{9A19103F-16F7-4668-BE54-9A1E7A4F7556}") = "GeoMed.SharedKernal", "GeoMed.SharedKernal\GeoMed.SharedKernal.csproj", "{BDA3267F-B63B-4211-86F4-0096E42CB730}"
EndProject
Project("{9A19103F-16F7-4668-BE54-9A1E7A4F7556}") = "GeoMed.SqlServer", "GeoMed.SqlServer\GeoMed.SqlServer.csproj", "{37CC7D09-3ABF-4E2E-A261-6C7E4BDF1C50}"
EndProject
Project("{9A19103F-16F7-4668-BE54-9A1E7A4F7556}") = "GeoMed.Base", "GeoMed.Base\GeoMed.Base.csproj", "{4B6CD563-6FC1-4629-B471-C6D28033F479}"
EndProject
Project("{9A19103F-16F7-4668-BE54-9A1E7A4F7556}") = "GeoMed.Security.IData", "GeoMed.Security.IData\GeoMed.Security.IData.csproj", "{F7093BE2-E498-4C4B-ACFB-6281D52F2154}"
EndProject
Project("{9A19103F-16F7-4668-BE54-9A1E7A4F7556}") = "GeoMed.Security.Data", "GeoMed.Security.Data\GeoMed.Security.Data.csproj", "{2BF3395E-2B54-4880-8371-10C6D2A38CE8}"
EndProject
Project("{9A19103F-16F7-4668-BE54-9A1E7A4F7556}") = "GeoMed.Share.IData", "GeoMed.Share.IData\GeoMed.Share.IData.csproj", "{81EBC8AE-F77F-49EE-81CB-EB5BAA1CD4D5}"
EndProject
Project("{9A19103F-16F7-4668-BE54-9A1E7A4F7556}") = "GeoMed.Share.Data", "GeoMed.Share.Data\GeoMed.Share.Data.csproj", "{43BC8B0C-76DC-4B03-AEBD-930D6C39DAA1}"
EndProject
Project("{2150E333-8FDC-42A3-9474-1A3956D46DE8}") = "Main", "Main", "{94D19683-F0FC-43C0-A34D-A6C5B7F6AD1E}"
EndProject
Project("{9A19103F-16F7-4668-BE54-9A1E7A4F7556}") = "GeoMed.Main.IData", "GeoMed.Main.IData\GeoMed.Main.IData.csproj", "{6CCC552B-9076-4E30-A35A-39DE625D0CBE}"
EndProject
Project("{9A19103F-16F7-4668-BE54-9A1E7A4F7556}") = "GeoMed.Main.DTO", "GeoMed.Main.Dto\GeoMed.Main.DTO.csproj", "{96C22DEA-8FA9-43A0-BABA-0DEC6E329B67}"
EndProject
Project("{9A19103F-16F7-4668-BE54-9A1E7A4F7556}") = "GeoMed.Main.Data", "GeoMed.Main.Data\GeoMed.Main.Data.csproj", "{3FFFC208-C822-455E-9D73-C840A3E7F120}"
EndProject
Project("{9A19103F-16F7-4668-BE54-9A1E7A4F7556}") = "GeoMed.Security.Dto", "GeoMed.Security.Dto\GeoMed.Security.Dto.csproj", "{442CD6C2-7A30-4FBF-AFC9-BE8D92EB9C08}"
EndProject
Project("{9A19103F-16F7-4668-BE54-9A1E7A4F7556}") = "GeoMed.Share.Dto", "GeoMed.Share.Dto\GeoMed.Share.Dto.csproj", "{42442A5F-055F-4B8A-8EAF-EE9F4BF76E9E}"
EndProject
Project("{9A19103F-16F7-4668-BE54-9A1E7A4F7556}") = "GeoMed.Model", "GeoMed.Models\GeoMed.Model.csproj", "{2DEA423F-0564-442C-BC09-793E023AA8BB}"
EndProject
Project("{2150E333-8FDC-42A3-9474-1A3956D46DE8}") = "LocallyDataAPI_Test", "LocallyDataAPI_Test", "{0F8A6BCD-C25C-491D-96DE-69D9635D2E14}"
EndProject
Project("{2150E333-8FDC-42A3-9474-1A3956D46DE8}") = "APIs", "APIs", "{307E97FE-917F-4B51-8BA6-19B0FAA129D3}"
EndProject
Project("{2150E333-8FDC-42A3-9474-1A3956D46DE8}") = "LaunchExecutor", "LaunchExecutor", "{05F987AC-AE87-4683-9D0C-62C28E768B08}"
EndProject
Project("{9A19103F-16F7-4668-BE54-9A1E7A4F7556}") = "GeoMed.LocallyDataAPI_Test.LaunchExecutor.COVID19", "GeoMed.LocallyDataAPI_Test.LaunchExecutor.COVID19\GeoMed.LocallyDataAPI_Test.LaunchExecutor.COVID19.csproj", "{A94A2A5E-F973-4BAD-AF87-1A8D3B215013}"
EndProject
Project("{9A19103F-16F7-4668-BE54-9A1E7A4F7556}") = "GeoMed.LocallyDataAPI_Test.APIs.COVID19_US_Country", "GeoMed.LocallyDataAPI_Test.APIs.COVID19_US_Country\GeoMed.LocallyDataAPI_Test.APIs.COVID19_US_Country.csproj", "{E3407F34-B94A-40CA-BFFE-3DB5E17D57A6}"
EndProject
Project("{2150E333-8FDC-42A3-9474-1A3956D46DE8}") = "NN", "NN", "{AAE38F24-A059-4CB7-8EE5-26E92A12AE3B}"
EndProject
Project("{2150E333-8FDC-42A3-9474-1A3956D46DE8}") = "NNBountedContext", "NNBountedContext", "{5DFDB933-18F6-4C5A-9396-34D89C1C958D}"
EndProject
Project("{2150E333-8FDC-42A3-9474-1A3956D46DE8}") = "MainNN", "MainNN", "{6846F8D7-8F8D-4170-91EB-C0C391BA0B4F}"
EndProject
Project("{9A19103F-16F7-4668-BE54-9A1E7A4F7556}") = "GeoMed.NN.Base", "GeoMed.NN.Base\GeoMed.NN.Base.csproj", "{74F23CF0-A008-4DB1-AC95-793B38F13A1D}"
EndProject
Project("{9A19103F-16F7-4668-BE54-9A1E7A4F7556}") = "GeoMed.NN.BPNeuralNetwork", "GeoMed.NN.BPNeuralNetwork\GeoMed.NN.BPNeuralNetwork.csproj", "{61418795-031A-4AC8-A27F-E740AF64E267}"
EndProject
Project("{2150E333-8FDC-42A3-9474-1A3956D46DE8}") = "DataSet", "DataSet", "{AB4082BE-63B5-4E98-BCC2-C3FBECF27431}"
EndProject
Project("{9A19103F-16F7-4668-BE54-9A1E7A4F7556}") = "GeoMed.Repository.DataSet", "GeoMed.Repository.DataSet\GeoMed.Repository.DataSet.csproj", "{65902D66-7EBE-4EB3-8115-64531F3A78DA}"
EndProject
Project("{9A19103F-16F7-4668-BE54-9A1E7A4F7556}") = "AdvanceNN", "AdvanceNN\AdvanceNN.csproj", "{04C8F7AA-2D5D-47E6-9D17-B3DAD1978584}"
EndProject
Project("{2150E333-8FDC-42A3-9474-1A3956D46DE8}") = "BasicNN", "BasicNN", "{31935AE6-89CB-4681-BD5D-67698EBF1D6E}"
EndProject
Project("{2150E333-8FDC-42A3-9474-1A3956D46DE8}") = "QueueService", "QueueService", "{6FDF915A-3049-4331-ACBA-D0752A7F0F2D}"
EndProject
Project("{9A19103F-16F7-4668-BE54-9A1E7A4F7556}") = "GM.QueueService", "GM.QueueService\GM.QueueService.csproj", "{F074A7FE-855B-4FB4-8A29-0CF853EFDE53}"
EndProject
Project("{2150E333-8FDC-42A3-9474-1A3956D46DE8}") = "Mobile", "Mobile", "{A6404DEE-4C93-4EDA-8ACD-602AE405A522}"
EndProject
Project("{FAE04EC0-301F-11D3-BF4B-00C04F79EFBC}") = "GeoMed.MobileService", "GeoMed.MobileService\GeoMed.MobileService.csproj", "{AB94BC9D-6394-4F0C-93D6-A9C3D58EF69F}"
EndProject
Global
	GlobalSection(SolutionConfigurationPlatforms) = preSolution
		Debug|Any CPU = Debug|Any CPU
		Release|Any CPU = Release|Any CPU
	EndGlobalSection
	GlobalSection(ProjectConfigurationPlatforms) = postSolution
		{EDB4EFF4-1B22-4A97-926D-2F80E2857ECD}.Debug|Any CPU.ActiveCfg = Debug|Any CPU
		{EDB4EFF4-1B22-4A97-926D-2F80E2857ECD}.Debug|Any CPU.Build.0 = Debug|Any CPU
		{EDB4EFF4-1B22-4A97-926D-2F80E2857ECD}.Release|Any CPU.ActiveCfg = Release|Any CPU
		{EDB4EFF4-1B22-4A97-926D-2F80E2857ECD}.Release|Any CPU.Build.0 = Release|Any CPU
		{BDA3267F-B63B-4211-86F4-0096E42CB730}.Debug|Any CPU.ActiveCfg = Debug|Any CPU
		{BDA3267F-B63B-4211-86F4-0096E42CB730}.Debug|Any CPU.Build.0 = Debug|Any CPU
		{BDA3267F-B63B-4211-86F4-0096E42CB730}.Release|Any CPU.ActiveCfg = Release|Any CPU
		{BDA3267F-B63B-4211-86F4-0096E42CB730}.Release|Any CPU.Build.0 = Release|Any CPU
		{37CC7D09-3ABF-4E2E-A261-6C7E4BDF1C50}.Debug|Any CPU.ActiveCfg = Debug|Any CPU
		{37CC7D09-3ABF-4E2E-A261-6C7E4BDF1C50}.Debug|Any CPU.Build.0 = Debug|Any CPU
		{37CC7D09-3ABF-4E2E-A261-6C7E4BDF1C50}.Release|Any CPU.ActiveCfg = Release|Any CPU
		{37CC7D09-3ABF-4E2E-A261-6C7E4BDF1C50}.Release|Any CPU.Build.0 = Release|Any CPU
		{4B6CD563-6FC1-4629-B471-C6D28033F479}.Debug|Any CPU.ActiveCfg = Debug|Any CPU
		{4B6CD563-6FC1-4629-B471-C6D28033F479}.Debug|Any CPU.Build.0 = Debug|Any CPU
		{4B6CD563-6FC1-4629-B471-C6D28033F479}.Release|Any CPU.ActiveCfg = Release|Any CPU
		{4B6CD563-6FC1-4629-B471-C6D28033F479}.Release|Any CPU.Build.0 = Release|Any CPU
		{F7093BE2-E498-4C4B-ACFB-6281D52F2154}.Debug|Any CPU.ActiveCfg = Debug|Any CPU
		{F7093BE2-E498-4C4B-ACFB-6281D52F2154}.Debug|Any CPU.Build.0 = Debug|Any CPU
		{F7093BE2-E498-4C4B-ACFB-6281D52F2154}.Release|Any CPU.ActiveCfg = Release|Any CPU
		{F7093BE2-E498-4C4B-ACFB-6281D52F2154}.Release|Any CPU.Build.0 = Release|Any CPU
		{2BF3395E-2B54-4880-8371-10C6D2A38CE8}.Debug|Any CPU.ActiveCfg = Debug|Any CPU
		{2BF3395E-2B54-4880-8371-10C6D2A38CE8}.Debug|Any CPU.Build.0 = Debug|Any CPU
		{2BF3395E-2B54-4880-8371-10C6D2A38CE8}.Release|Any CPU.ActiveCfg = Release|Any CPU
		{2BF3395E-2B54-4880-8371-10C6D2A38CE8}.Release|Any CPU.Build.0 = Release|Any CPU
		{81EBC8AE-F77F-49EE-81CB-EB5BAA1CD4D5}.Debug|Any CPU.ActiveCfg = Debug|Any CPU
		{81EBC8AE-F77F-49EE-81CB-EB5BAA1CD4D5}.Debug|Any CPU.Build.0 = Debug|Any CPU
		{81EBC8AE-F77F-49EE-81CB-EB5BAA1CD4D5}.Release|Any CPU.ActiveCfg = Release|Any CPU
		{81EBC8AE-F77F-49EE-81CB-EB5BAA1CD4D5}.Release|Any CPU.Build.0 = Release|Any CPU
		{43BC8B0C-76DC-4B03-AEBD-930D6C39DAA1}.Debug|Any CPU.ActiveCfg = Debug|Any CPU
		{43BC8B0C-76DC-4B03-AEBD-930D6C39DAA1}.Debug|Any CPU.Build.0 = Debug|Any CPU
		{43BC8B0C-76DC-4B03-AEBD-930D6C39DAA1}.Release|Any CPU.ActiveCfg = Release|Any CPU
		{43BC8B0C-76DC-4B03-AEBD-930D6C39DAA1}.Release|Any CPU.Build.0 = Release|Any CPU
		{6CCC552B-9076-4E30-A35A-39DE625D0CBE}.Debug|Any CPU.ActiveCfg = Debug|Any CPU
		{6CCC552B-9076-4E30-A35A-39DE625D0CBE}.Debug|Any CPU.Build.0 = Debug|Any CPU
		{6CCC552B-9076-4E30-A35A-39DE625D0CBE}.Release|Any CPU.ActiveCfg = Release|Any CPU
		{6CCC552B-9076-4E30-A35A-39DE625D0CBE}.Release|Any CPU.Build.0 = Release|Any CPU
		{96C22DEA-8FA9-43A0-BABA-0DEC6E329B67}.Debug|Any CPU.ActiveCfg = Debug|Any CPU
		{96C22DEA-8FA9-43A0-BABA-0DEC6E329B67}.Debug|Any CPU.Build.0 = Debug|Any CPU
		{96C22DEA-8FA9-43A0-BABA-0DEC6E329B67}.Release|Any CPU.ActiveCfg = Release|Any CPU
		{96C22DEA-8FA9-43A0-BABA-0DEC6E329B67}.Release|Any CPU.Build.0 = Release|Any CPU
		{3FFFC208-C822-455E-9D73-C840A3E7F120}.Debug|Any CPU.ActiveCfg = Debug|Any CPU
		{3FFFC208-C822-455E-9D73-C840A3E7F120}.Debug|Any CPU.Build.0 = Debug|Any CPU
		{3FFFC208-C822-455E-9D73-C840A3E7F120}.Release|Any CPU.ActiveCfg = Release|Any CPU
		{3FFFC208-C822-455E-9D73-C840A3E7F120}.Release|Any CPU.Build.0 = Release|Any CPU
		{442CD6C2-7A30-4FBF-AFC9-BE8D92EB9C08}.Debug|Any CPU.ActiveCfg = Debug|Any CPU
		{442CD6C2-7A30-4FBF-AFC9-BE8D92EB9C08}.Debug|Any CPU.Build.0 = Debug|Any CPU
		{442CD6C2-7A30-4FBF-AFC9-BE8D92EB9C08}.Release|Any CPU.ActiveCfg = Release|Any CPU
		{442CD6C2-7A30-4FBF-AFC9-BE8D92EB9C08}.Release|Any CPU.Build.0 = Release|Any CPU
		{42442A5F-055F-4B8A-8EAF-EE9F4BF76E9E}.Debug|Any CPU.ActiveCfg = Debug|Any CPU
		{42442A5F-055F-4B8A-8EAF-EE9F4BF76E9E}.Debug|Any CPU.Build.0 = Debug|Any CPU
		{42442A5F-055F-4B8A-8EAF-EE9F4BF76E9E}.Release|Any CPU.ActiveCfg = Release|Any CPU
		{42442A5F-055F-4B8A-8EAF-EE9F4BF76E9E}.Release|Any CPU.Build.0 = Release|Any CPU
		{2DEA423F-0564-442C-BC09-793E023AA8BB}.Debug|Any CPU.ActiveCfg = Debug|Any CPU
		{2DEA423F-0564-442C-BC09-793E023AA8BB}.Debug|Any CPU.Build.0 = Debug|Any CPU
		{2DEA423F-0564-442C-BC09-793E023AA8BB}.Release|Any CPU.ActiveCfg = Release|Any CPU
		{2DEA423F-0564-442C-BC09-793E023AA8BB}.Release|Any CPU.Build.0 = Release|Any CPU
		{A94A2A5E-F973-4BAD-AF87-1A8D3B215013}.Debug|Any CPU.ActiveCfg = Debug|Any CPU
		{A94A2A5E-F973-4BAD-AF87-1A8D3B215013}.Debug|Any CPU.Build.0 = Debug|Any CPU
		{A94A2A5E-F973-4BAD-AF87-1A8D3B215013}.Release|Any CPU.ActiveCfg = Release|Any CPU
		{A94A2A5E-F973-4BAD-AF87-1A8D3B215013}.Release|Any CPU.Build.0 = Release|Any CPU
		{E3407F34-B94A-40CA-BFFE-3DB5E17D57A6}.Debug|Any CPU.ActiveCfg = Debug|Any CPU
		{E3407F34-B94A-40CA-BFFE-3DB5E17D57A6}.Debug|Any CPU.Build.0 = Debug|Any CPU
		{E3407F34-B94A-40CA-BFFE-3DB5E17D57A6}.Release|Any CPU.ActiveCfg = Release|Any CPU
		{E3407F34-B94A-40CA-BFFE-3DB5E17D57A6}.Release|Any CPU.Build.0 = Release|Any CPU
		{74F23CF0-A008-4DB1-AC95-793B38F13A1D}.Debug|Any CPU.ActiveCfg = Debug|Any CPU
		{74F23CF0-A008-4DB1-AC95-793B38F13A1D}.Debug|Any CPU.Build.0 = Debug|Any CPU
		{74F23CF0-A008-4DB1-AC95-793B38F13A1D}.Release|Any CPU.ActiveCfg = Release|Any CPU
		{74F23CF0-A008-4DB1-AC95-793B38F13A1D}.Release|Any CPU.Build.0 = Release|Any CPU
		{61418795-031A-4AC8-A27F-E740AF64E267}.Debug|Any CPU.ActiveCfg = Debug|Any CPU
		{61418795-031A-4AC8-A27F-E740AF64E267}.Debug|Any CPU.Build.0 = Debug|Any CPU
		{61418795-031A-4AC8-A27F-E740AF64E267}.Release|Any CPU.ActiveCfg = Release|Any CPU
		{61418795-031A-4AC8-A27F-E740AF64E267}.Release|Any CPU.Build.0 = Release|Any CPU
		{65902D66-7EBE-4EB3-8115-64531F3A78DA}.Debug|Any CPU.ActiveCfg = Debug|Any CPU
		{65902D66-7EBE-4EB3-8115-64531F3A78DA}.Debug|Any CPU.Build.0 = Debug|Any CPU
		{65902D66-7EBE-4EB3-8115-64531F3A78DA}.Release|Any CPU.ActiveCfg = Release|Any CPU
		{65902D66-7EBE-4EB3-8115-64531F3A78DA}.Release|Any CPU.Build.0 = Release|Any CPU
		{04C8F7AA-2D5D-47E6-9D17-B3DAD1978584}.Debug|Any CPU.ActiveCfg = Debug|Any CPU
		{04C8F7AA-2D5D-47E6-9D17-B3DAD1978584}.Debug|Any CPU.Build.0 = Debug|Any CPU
		{04C8F7AA-2D5D-47E6-9D17-B3DAD1978584}.Release|Any CPU.ActiveCfg = Release|Any CPU
		{04C8F7AA-2D5D-47E6-9D17-B3DAD1978584}.Release|Any CPU.Build.0 = Release|Any CPU
		{F074A7FE-855B-4FB4-8A29-0CF853EFDE53}.Debug|Any CPU.ActiveCfg = Debug|Any CPU
		{F074A7FE-855B-4FB4-8A29-0CF853EFDE53}.Debug|Any CPU.Build.0 = Debug|Any CPU
		{F074A7FE-855B-4FB4-8A29-0CF853EFDE53}.Release|Any CPU.ActiveCfg = Release|Any CPU
		{F074A7FE-855B-4FB4-8A29-0CF853EFDE53}.Release|Any CPU.Build.0 = Release|Any CPU
		{AB94BC9D-6394-4F0C-93D6-A9C3D58EF69F}.Debug|Any CPU.ActiveCfg = Debug|Any CPU
		{AB94BC9D-6394-4F0C-93D6-A9C3D58EF69F}.Debug|Any CPU.Build.0 = Debug|Any CPU
		{AB94BC9D-6394-4F0C-93D6-A9C3D58EF69F}.Release|Any CPU.ActiveCfg = Release|Any CPU
		{AB94BC9D-6394-4F0C-93D6-A9C3D58EF69F}.Release|Any CPU.Build.0 = Release|Any CPU
	EndGlobalSection
	GlobalSection(SolutionProperties) = preSolution
		HideSolutionNode = FALSE
	EndGlobalSection
	GlobalSection(NestedProjects) = preSolution
		{EDB4EFF4-1B22-4A97-926D-2F80E2857ECD} = {CBFC89E1-DDE7-49CD-BFB3-60C0D4B4F0A3}
		{FA66B676-DD38-4062-A903-F982AD34B665} = {A1C8D45B-AB1E-4132-8C87-60DC8EA0C84E}
		{ACAABF7E-C8DC-48E0-BBE3-965D3971B8A2} = {A1C8D45B-AB1E-4132-8C87-60DC8EA0C84E}
		{24CA96F6-4B38-413B-99F4-424FDE3DC4F2} = {A1C8D45B-AB1E-4132-8C87-60DC8EA0C84E}
		{BDA3267F-B63B-4211-86F4-0096E42CB730} = {39DAB712-C45F-418F-9F6C-0AADF858AE5D}
		{37CC7D09-3ABF-4E2E-A261-6C7E4BDF1C50} = {5C4C3120-728A-4A6F-8BC3-04279C10EFF4}
		{4B6CD563-6FC1-4629-B471-C6D28033F479} = {FA66B676-DD38-4062-A903-F982AD34B665}
		{F7093BE2-E498-4C4B-ACFB-6281D52F2154} = {ACAABF7E-C8DC-48E0-BBE3-965D3971B8A2}
		{2BF3395E-2B54-4880-8371-10C6D2A38CE8} = {ACAABF7E-C8DC-48E0-BBE3-965D3971B8A2}
		{81EBC8AE-F77F-49EE-81CB-EB5BAA1CD4D5} = {24CA96F6-4B38-413B-99F4-424FDE3DC4F2}
		{43BC8B0C-76DC-4B03-AEBD-930D6C39DAA1} = {24CA96F6-4B38-413B-99F4-424FDE3DC4F2}
		{94D19683-F0FC-43C0-A34D-A6C5B7F6AD1E} = {A1C8D45B-AB1E-4132-8C87-60DC8EA0C84E}
		{6CCC552B-9076-4E30-A35A-39DE625D0CBE} = {94D19683-F0FC-43C0-A34D-A6C5B7F6AD1E}
		{96C22DEA-8FA9-43A0-BABA-0DEC6E329B67} = {94D19683-F0FC-43C0-A34D-A6C5B7F6AD1E}
		{3FFFC208-C822-455E-9D73-C840A3E7F120} = {94D19683-F0FC-43C0-A34D-A6C5B7F6AD1E}
		{442CD6C2-7A30-4FBF-AFC9-BE8D92EB9C08} = {ACAABF7E-C8DC-48E0-BBE3-965D3971B8A2}
		{42442A5F-055F-4B8A-8EAF-EE9F4BF76E9E} = {24CA96F6-4B38-413B-99F4-424FDE3DC4F2}
		{2DEA423F-0564-442C-BC09-793E023AA8BB} = {5C4C3120-728A-4A6F-8BC3-04279C10EFF4}
		{307E97FE-917F-4B51-8BA6-19B0FAA129D3} = {0F8A6BCD-C25C-491D-96DE-69D9635D2E14}
		{05F987AC-AE87-4683-9D0C-62C28E768B08} = {0F8A6BCD-C25C-491D-96DE-69D9635D2E14}
		{A94A2A5E-F973-4BAD-AF87-1A8D3B215013} = {05F987AC-AE87-4683-9D0C-62C28E768B08}
		{E3407F34-B94A-40CA-BFFE-3DB5E17D57A6} = {307E97FE-917F-4B51-8BA6-19B0FAA129D3}
		{5DFDB933-18F6-4C5A-9396-34D89C1C958D} = {AAE38F24-A059-4CB7-8EE5-26E92A12AE3B}
		{6846F8D7-8F8D-4170-91EB-C0C391BA0B4F} = {AAE38F24-A059-4CB7-8EE5-26E92A12AE3B}
		{74F23CF0-A008-4DB1-AC95-793B38F13A1D} = {5DFDB933-18F6-4C5A-9396-34D89C1C958D}
		{61418795-031A-4AC8-A27F-E740AF64E267} = {31935AE6-89CB-4681-BD5D-67698EBF1D6E}
		{AB4082BE-63B5-4E98-BCC2-C3FBECF27431} = {A1C8D45B-AB1E-4132-8C87-60DC8EA0C84E}
		{65902D66-7EBE-4EB3-8115-64531F3A78DA} = {AB4082BE-63B5-4E98-BCC2-C3FBECF27431}
		{04C8F7AA-2D5D-47E6-9D17-B3DAD1978584} = {6846F8D7-8F8D-4170-91EB-C0C391BA0B4F}
		{31935AE6-89CB-4681-BD5D-67698EBF1D6E} = {AAE38F24-A059-4CB7-8EE5-26E92A12AE3B}
		{6FDF915A-3049-4331-ACBA-D0752A7F0F2D} = {A1C8D45B-AB1E-4132-8C87-60DC8EA0C84E}
		{F074A7FE-855B-4FB4-8A29-0CF853EFDE53} = {6FDF915A-3049-4331-ACBA-D0752A7F0F2D}
		{A6404DEE-4C93-4EDA-8ACD-602AE405A522} = {A1C8D45B-AB1E-4132-8C87-60DC8EA0C84E}
		{AB94BC9D-6394-4F0C-93D6-A9C3D58EF69F} = {A6404DEE-4C93-4EDA-8ACD-602AE405A522}
	EndGlobalSection
	GlobalSection(ExtensibilityGlobals) = postSolution
		SolutionGuid = {D371B086-586A-4BD5-9B8D-D6AB7BF3E23D}
	EndGlobalSection
EndGlobal
